
Microsoft Visual Studio Solution File, Format Version 12.00
# Visual Studio Version 16
VisualStudioVersion = 16.0.31424.327
MinimumVisualStudioVersion = 10.0.40219.1
Project("{9A19103F-16F7-4668-BE54-9A1E7A4F7556}") = "Student.Data", "Student.Data\Student.Data.csproj", "{DE0631FF-A99E-4C00-8293-73CD382252D1}"
EndProject
Project("{9A19103F-16F7-4668-BE54-9A1E7A4F7556}") = "Student.Application", "Student.Application\Student.Application.csproj", "{59566ADA-46F5-4A26-B707-0236B9AA395B}"
EndProject
Project("{9A19103F-16F7-4668-BE54-9A1E7A4F7556}") = "Student.Api", "Student.Api\Student.Api.csproj", "{DBF6587F-63EE-4BBF-A2AD-6087724D0EEB}"
EndProject
Global
	GlobalSection(SolutionConfigurationPlatforms) = preSolution
		Debug|Any CPU = Debug|Any CPU
		Release|Any CPU = Release|Any CPU
	EndGlobalSection
	GlobalSection(ProjectConfigurationPlatforms) = postSolution
		{DE0631FF-A99E-4C00-8293-73CD382252D1}.Debug|Any CPU.ActiveCfg = Debug|Any CPU
		{DE0631FF-A99E-4C00-8293-73CD382252D1}.Debug|Any CPU.Build.0 = Debug|Any CPU
		{DE0631FF-A99E-4C00-8293-73CD382252D1}.Release|Any CPU.ActiveCfg = Release|Any CPU
		{DE0631FF-A99E-4C00-8293-73CD382252D1}.Release|Any CPU.Build.0 = Release|Any CPU
		{59566ADA-46F5-4A26-B707-0236B9AA395B}.Debug|Any CPU.ActiveCfg = Debug|Any CPU
		{59566ADA-46F5-4A26-B707-0236B9AA395B}.Debug|Any CPU.Build.0 = Debug|Any CPU
		{59566ADA-46F5-4A26-B707-0236B9AA395B}.Release|Any CPU.ActiveCfg = Release|Any CPU
		{59566ADA-46F5-4A26-B707-0236B9AA395B}.Release|Any CPU.Build.0 = Release|Any CPU
		{DBF6587F-63EE-4BBF-A2AD-6087724D0EEB}.Debug|Any CPU.ActiveCfg = Debug|Any CPU
		{DBF6587F-63EE-4BBF-A2AD-6087724D0EEB}.Debug|Any CPU.Build.0 = Debug|Any CPU
		{DBF6587F-63EE-4BBF-A2AD-6087724D0EEB}.Release|Any CPU.ActiveCfg = Release|Any CPU
		{DBF6587F-63EE-4BBF-A2AD-6087724D0EEB}.Release|Any CPU.Build.0 = Release|Any CPU
	EndGlobalSection
	GlobalSection(SolutionProperties) = preSolution
		HideSolutionNode = FALSE
	EndGlobalSection
	GlobalSection(ExtensibilityGlobals) = postSolution
		SolutionGuid = {4EA2D061-01E6-4023-A0BA-45E7E0B4C64B}
	EndGlobalSection
EndGlobal
